
Microsoft Visual Studio Solution File, Format Version 12.00
# Visual Studio Version 16
VisualStudioVersion = 16.0.30503.244
MinimumVisualStudioVersion = 10.0.40219.1
Project("{FAE04EC0-301F-11D3-BF4B-00C04F79EFBC}") = "TP2Console", "TP2Console\TP2Console.csproj", "{0D98380A-742A-490D-84EC-57CA6A7651D4}"
EndProject
Global
	GlobalSection(SolutionConfigurationPlatforms) = preSolution
		Debug|Any CPU = Debug|Any CPU
		Release|Any CPU = Release|Any CPU
	EndGlobalSection
	GlobalSection(ProjectConfigurationPlatforms) = postSolution
		{0D98380A-742A-490D-84EC-57CA6A7651D4}.Debug|Any CPU.ActiveCfg = Debug|Any CPU
		{0D98380A-742A-490D-84EC-57CA6A7651D4}.Debug|Any CPU.Build.0 = Debug|Any CPU
		{0D98380A-742A-490D-84EC-57CA6A7651D4}.Release|Any CPU.ActiveCfg = Release|Any CPU
		{0D98380A-742A-490D-84EC-57CA6A7651D4}.Release|Any CPU.Build.0 = Release|Any CPU
	EndGlobalSection
	GlobalSection(SolutionProperties) = preSolution
		HideSolutionNode = FALSE
	EndGlobalSection
	GlobalSection(ExtensibilityGlobals) = postSolution
		SolutionGuid = {B76376E8-FA62-4FE5-BF0C-0096ECD3FF69}
	EndGlobalSection
EndGlobal
