
Microsoft Visual Studio Solution File, Format Version 12.00
# Visual Studio Version 16
VisualStudioVersion = 16.0.30503.244
MinimumVisualStudioVersion = 10.0.40219.1
Project("{9A19103F-16F7-4668-BE54-9A1E7A4F7556}") = "TP3WSRest", "TP3WSRest\TP3WSRest.csproj", "{C63F5413-6CD8-4AFE-95CC-59888AF8BA6D}"
EndProject
Project("{FAE04EC0-301F-11D3-BF4B-00C04F79EFBC}") = "TestTP3WSRest", "TestTP3WSRest\TestTP3WSRest.csproj", "{ED4AB516-0A43-4553-8051-DF054E85B729}"
EndProject
Global
	GlobalSection(SolutionConfigurationPlatforms) = preSolution
		Debug|Any CPU = Debug|Any CPU
		Release|Any CPU = Release|Any CPU
	EndGlobalSection
	GlobalSection(ProjectConfigurationPlatforms) = postSolution
		{C63F5413-6CD8-4AFE-95CC-59888AF8BA6D}.Debug|Any CPU.ActiveCfg = Debug|Any CPU
		{C63F5413-6CD8-4AFE-95CC-59888AF8BA6D}.Debug|Any CPU.Build.0 = Debug|Any CPU
		{C63F5413-6CD8-4AFE-95CC-59888AF8BA6D}.Release|Any CPU.ActiveCfg = Release|Any CPU
		{C63F5413-6CD8-4AFE-95CC-59888AF8BA6D}.Release|Any CPU.Build.0 = Release|Any CPU
		{ED4AB516-0A43-4553-8051-DF054E85B729}.Debug|Any CPU.ActiveCfg = Debug|Any CPU
		{ED4AB516-0A43-4553-8051-DF054E85B729}.Debug|Any CPU.Build.0 = Debug|Any CPU
		{ED4AB516-0A43-4553-8051-DF054E85B729}.Release|Any CPU.ActiveCfg = Release|Any CPU
		{ED4AB516-0A43-4553-8051-DF054E85B729}.Release|Any CPU.Build.0 = Release|Any CPU
	EndGlobalSection
	GlobalSection(SolutionProperties) = preSolution
		HideSolutionNode = FALSE
	EndGlobalSection
	GlobalSection(ExtensibilityGlobals) = postSolution
		SolutionGuid = {0170AF3E-600C-4894-B2D8-01697605AFCE}
	EndGlobalSection
EndGlobal
